// !$*UTF8*$!
{
	archiveVersion = 1;
	classes = {
	};
	objectVersion = 55;
	objects = {

/* Begin PBXBuildFile section */
		156C439828919A6B003E961F /* GoalsDetail.swift in Sources */ = {isa = PBXBuildFile; fileRef = 156C439728919A6B003E961F /* GoalsDetail.swift */; };
		156C439A28920860003E961F /* GoalsModel.swift in Sources */ = {isa = PBXBuildFile; fileRef = 156C439928920860003E961F /* GoalsModel.swift */; };
		156C439D2892993E003E961F /* GoalsNew.swift in Sources */ = {isa = PBXBuildFile; fileRef = 156C439C2892993E003E961F /* GoalsNew.swift */; };
		156C439F28935398003E961F /* TaskNew.swift in Sources */ = {isa = PBXBuildFile; fileRef = 156C439E28935398003E961F /* TaskNew.swift */; };
		15E163B42890E69600347BD8 /* PomodoroTimerApp.swift in Sources */ = {isa = PBXBuildFile; fileRef = 15E163B32890E69600347BD8 /* PomodoroTimerApp.swift */; };
		15E163B62890E69600347BD8 /* ContentView.swift in Sources */ = {isa = PBXBuildFile; fileRef = 15E163B52890E69600347BD8 /* ContentView.swift */; };
		15E163B82890E69700347BD8 /* Assets.xcassets in Resources */ = {isa = PBXBuildFile; fileRef = 15E163B72890E69700347BD8 /* Assets.xcassets */; };
		15E163BB2890E69700347BD8 /* Preview Assets.xcassets in Resources */ = {isa = PBXBuildFile; fileRef = 15E163BA2890E69700347BD8 /* Preview Assets.xcassets */; };
		15E163C42890E70900347BD8 /* PomodoroModel.swift in Sources */ = {isa = PBXBuildFile; fileRef = 15E163C32890E70900347BD8 /* PomodoroModel.swift */; };
		15E163C62890E79700347BD8 /* Pomodoro.swift in Sources */ = {isa = PBXBuildFile; fileRef = 15E163C52890E79700347BD8 /* Pomodoro.swift */; };
		15E163C828913E6000347BD8 /* Goals.swift in Sources */ = {isa = PBXBuildFile; fileRef = 15E163C728913E6000347BD8 /* Goals.swift */; };
		15E163CA28913E7200347BD8 /* Settings.swift in Sources */ = {isa = PBXBuildFile; fileRef = 15E163C928913E7200347BD8 /* Settings.swift */; };
		15E163CC28913E7F00347BD8 /* Summary.swift in Sources */ = {isa = PBXBuildFile; fileRef = 15E163CB28913E7F00347BD8 /* Summary.swift */; };
/* End PBXBuildFile section */

/* Begin PBXFileReference section */
		156C439728919A6B003E961F /* GoalsDetail.swift */ = {isa = PBXFileReference; lastKnownFileType = sourcecode.swift; path = GoalsDetail.swift; sourceTree = "<group>"; };
		156C439928920860003E961F /* GoalsModel.swift */ = {isa = PBXFileReference; lastKnownFileType = sourcecode.swift; path = GoalsModel.swift; sourceTree = "<group>"; };
		156C439C2892993E003E961F /* GoalsNew.swift */ = {isa = PBXFileReference; lastKnownFileType = sourcecode.swift; path = GoalsNew.swift; sourceTree = "<group>"; };
		156C439E28935398003E961F /* TaskNew.swift */ = {isa = PBXFileReference; lastKnownFileType = sourcecode.swift; path = TaskNew.swift; sourceTree = "<group>"; };
		15E163B02890E69600347BD8 /* PomodoroTimer.app */ = {isa = PBXFileReference; explicitFileType = wrapper.application; includeInIndex = 0; path = PomodoroTimer.app; sourceTree = BUILT_PRODUCTS_DIR; };
		15E163B32890E69600347BD8 /* PomodoroTimerApp.swift */ = {isa = PBXFileReference; lastKnownFileType = sourcecode.swift; path = PomodoroTimerApp.swift; sourceTree = "<group>"; };
		15E163B52890E69600347BD8 /* ContentView.swift */ = {isa = PBXFileReference; lastKnownFileType = sourcecode.swift; path = ContentView.swift; sourceTree = "<group>"; };
		15E163B72890E69700347BD8 /* Assets.xcassets */ = {isa = PBXFileReference; lastKnownFileType = folder.assetcatalog; path = Assets.xcassets; sourceTree = "<group>"; };
		15E163BA2890E69700347BD8 /* Preview Assets.xcassets */ = {isa = PBXFileReference; lastKnownFileType = folder.assetcatalog; path = "Preview Assets.xcassets"; sourceTree = "<group>"; };
		15E163C32890E70900347BD8 /* PomodoroModel.swift */ = {isa = PBXFileReference; lastKnownFileType = sourcecode.swift; path = PomodoroModel.swift; sourceTree = "<group>"; };
		15E163C52890E79700347BD8 /* Pomodoro.swift */ = {isa = PBXFileReference; lastKnownFileType = sourcecode.swift; path = Pomodoro.swift; sourceTree = "<group>"; };
		15E163C728913E6000347BD8 /* Goals.swift */ = {isa = PBXFileReference; lastKnownFileType = sourcecode.swift; path = Goals.swift; sourceTree = "<group>"; };
		15E163C928913E7200347BD8 /* Settings.swift */ = {isa = PBXFileReference; lastKnownFileType = sourcecode.swift; path = Settings.swift; sourceTree = "<group>"; };
		15E163CB28913E7F00347BD8 /* Summary.swift */ = {isa = PBXFileReference; lastKnownFileType = sourcecode.swift; path = Summary.swift; sourceTree = "<group>"; };
/* End PBXFileReference section */

/* Begin PBXFrameworksBuildPhase section */
		15E163AD2890E69600347BD8 /* Frameworks */ = {
			isa = PBXFrameworksBuildPhase;
			buildActionMask = 2147483647;
			files = (
			);
			runOnlyForDeploymentPostprocessing = 0;
		};
/* End PBXFrameworksBuildPhase section */

/* Begin PBXGroup section */
		156C439B28922A74003E961F /* Model */ = {
			isa = PBXGroup;
			children = (
			);
			path = Model;
			sourceTree = "<group>";
		};
		15E163A72890E69600347BD8 = {
			isa = PBXGroup;
			children = (
				15E163B22890E69600347BD8 /* Shared */,
				15E163B12890E69600347BD8 /* Products */,
			);
			sourceTree = "<group>";
		};
		15E163B12890E69600347BD8 /* Products */ = {
			isa = PBXGroup;
			children = (
				15E163B02890E69600347BD8 /* PomodoroTimer.app */,
			);
			name = Products;
			sourceTree = "<group>";
		};
		15E163B22890E69600347BD8 /* Shared */ = {
			isa = PBXGroup;
			children = (
				156C439B28922A74003E961F /* Model */,
				15E163C22890E6D000347BD8 /* ViewModel */,
				15E163C12890E6CA00347BD8 /* View */,
				15E163B32890E69600347BD8 /* PomodoroTimerApp.swift */,
				15E163B52890E69600347BD8 /* ContentView.swift */,
				15E163B72890E69700347BD8 /* Assets.xcassets */,
				15E163B92890E69700347BD8 /* Preview Content */,
			);
			path = Shared;
			sourceTree = "<group>";
		};
		15E163B92890E69700347BD8 /* Preview Content */ = {
			isa = PBXGroup;
			children = (
				15E163BA2890E69700347BD8 /* Preview Assets.xcassets */,
			);
			path = "Preview Content";
			sourceTree = "<group>";
		};
		15E163C12890E6CA00347BD8 /* View */ = {
			isa = PBXGroup;
			children = (
				15E163C52890E79700347BD8 /* Pomodoro.swift */,
				15E163C728913E6000347BD8 /* Goals.swift */,
				156C439728919A6B003E961F /* GoalsDetail.swift */,
				156C439C2892993E003E961F /* GoalsNew.swift */,
				156C439E28935398003E961F /* TaskNew.swift */,
				15E163C928913E7200347BD8 /* Settings.swift */,
				15E163CB28913E7F00347BD8 /* Summary.swift */,
			);
			path = View;
			sourceTree = "<group>";
		};
		15E163C22890E6D000347BD8 /* ViewModel */ = {
			isa = PBXGroup;
			children = (
				15E163C32890E70900347BD8 /* PomodoroModel.swift */,
				156C439928920860003E961F /* GoalsModel.swift */,
			);
			path = ViewModel;
			sourceTree = "<group>";
		};
/* End PBXGroup section */

/* Begin PBXNativeTarget section */
		15E163AF2890E69600347BD8 /* PomodoroTimer */ = {
			isa = PBXNativeTarget;
			buildConfigurationList = 15E163BE2890E69700347BD8 /* Build configuration list for PBXNativeTarget "PomodoroTimer" */;
			buildPhases = (
				15E163AC2890E69600347BD8 /* Sources */,
				15E163AD2890E69600347BD8 /* Frameworks */,
				15E163AE2890E69600347BD8 /* Resources */,
			);
			buildRules = (
			);
			dependencies = (
			);
			name = PomodoroTimer;
			productName = PomodoroTimer;
			productReference = 15E163B02890E69600347BD8 /* PomodoroTimer.app */;
			productType = "com.apple.product-type.application";
		};
/* End PBXNativeTarget section */

/* Begin PBXProject section */
		15E163A82890E69600347BD8 /* Project object */ = {
			isa = PBXProject;
			attributes = {
				BuildIndependentTargetsInParallel = 1;
				LastSwiftUpdateCheck = 1340;
				LastUpgradeCheck = 1340;
				TargetAttributes = {
					15E163AF2890E69600347BD8 = {
						CreatedOnToolsVersion = 13.4.1;
					};
				};
			};
			buildConfigurationList = 15E163AB2890E69600347BD8 /* Build configuration list for PBXProject "PomodoroTimer" */;
			compatibilityVersion = "Xcode 13.0";
			developmentRegion = en;
			hasScannedForEncodings = 0;
			knownRegions = (
				en,
				Base,
			);
			mainGroup = 15E163A72890E69600347BD8;
			productRefGroup = 15E163B12890E69600347BD8 /* Products */;
			projectDirPath = "";
			projectRoot = "";
			targets = (
				15E163AF2890E69600347BD8 /* PomodoroTimer */,
			);
		};
/* End PBXProject section */

/* Begin PBXResourcesBuildPhase section */
		15E163AE2890E69600347BD8 /* Resources */ = {
			isa = PBXResourcesBuildPhase;
			buildActionMask = 2147483647;
			files = (
				15E163BB2890E69700347BD8 /* Preview Assets.xcassets in Resources */,
				15E163B82890E69700347BD8 /* Assets.xcassets in Resources */,
			);
			runOnlyForDeploymentPostprocessing = 0;
		};
/* End PBXResourcesBuildPhase section */

/* Begin PBXSourcesBuildPhase section */
		15E163AC2890E69600347BD8 /* Sources */ = {
			isa = PBXSourcesBuildPhase;
			buildActionMask = 2147483647;
			files = (
				15E163CA28913E7200347BD8 /* Settings.swift in Sources */,
				15E163C828913E6000347BD8 /* Goals.swift in Sources */,
				156C439F28935398003E961F /* TaskNew.swift in Sources */,
				15E163C42890E70900347BD8 /* PomodoroModel.swift in Sources */,
				15E163B62890E69600347BD8 /* ContentView.swift in Sources */,
				156C439A28920860003E961F /* GoalsModel.swift in Sources */,
				156C439D2892993E003E961F /* GoalsNew.swift in Sources */,
				15E163C62890E79700347BD8 /* Pomodoro.swift in Sources */,
				156C439828919A6B003E961F /* GoalsDetail.swift in Sources */,
				15E163B42890E69600347BD8 /* PomodoroTimerApp.swift in Sources */,
				15E163CC28913E7F00347BD8 /* Summary.swift in Sources */,
			);
			runOnlyForDeploymentPostprocessing = 0;
		};
/* End PBXSourcesBuildPhase section */

/* Begin XCBuildConfiguration section */
		15E163BC2890E69700347BD8 /* Debug */ = {
			isa = XCBuildConfiguration;
			buildSettings = {
				ALWAYS_SEARCH_USER_PATHS = NO;
				CLANG_ANALYZER_NONNULL = YES;
				CLANG_ANALYZER_NUMBER_OBJECT_CONVERSION = YES_AGGRESSIVE;
				CLANG_CXX_LANGUAGE_STANDARD = "gnu++17";
				CLANG_ENABLE_MODULES = YES;
				CLANG_ENABLE_OBJC_ARC = YES;
				CLANG_ENABLE_OBJC_WEAK = YES;
				CLANG_WARN_BLOCK_CAPTURE_AUTORELEASING = YES;
				CLANG_WARN_BOOL_CONVERSION = YES;
				CLANG_WARN_COMMA = YES;
				CLANG_WARN_CONSTANT_CONVERSION = YES;
				CLANG_WARN_DEPRECATED_OBJC_IMPLEMENTATIONS = YES;
				CLANG_WARN_DIRECT_OBJC_ISA_USAGE = YES_ERROR;
				CLANG_WARN_DOCUMENTATION_COMMENTS = YES;
				CLANG_WARN_EMPTY_BODY = YES;
				CLANG_WARN_ENUM_CONVERSION = YES;
				CLANG_WARN_INFINITE_RECURSION = YES;
				CLANG_WARN_INT_CONVERSION = YES;
				CLANG_WARN_NON_LITERAL_NULL_CONVERSION = YES;
				CLANG_WARN_OBJC_IMPLICIT_RETAIN_SELF = YES;
				CLANG_WARN_OBJC_LITERAL_CONVERSION = YES;
				CLANG_WARN_OBJC_ROOT_CLASS = YES_ERROR;
				CLANG_WARN_QUOTED_INCLUDE_IN_FRAMEWORK_HEADER = YES;
				CLANG_WARN_RANGE_LOOP_ANALYSIS = YES;
				CLANG_WARN_STRICT_PROTOTYPES = YES;
				CLANG_WARN_SUSPICIOUS_MOVE = YES;
				CLANG_WARN_UNGUARDED_AVAILABILITY = YES_AGGRESSIVE;
				CLANG_WARN_UNREACHABLE_CODE = YES;
				CLANG_WARN__DUPLICATE_METHOD_MATCH = YES;
				COPY_PHASE_STRIP = NO;
				DEBUG_INFORMATION_FORMAT = dwarf;
				ENABLE_STRICT_OBJC_MSGSEND = YES;
				ENABLE_TESTABILITY = YES;
				GCC_C_LANGUAGE_STANDARD = gnu11;
				GCC_DYNAMIC_NO_PIC = NO;
				GCC_NO_COMMON_BLOCKS = YES;
				GCC_OPTIMIZATION_LEVEL = 0;
				GCC_PREPROCESSOR_DEFINITIONS = (
					"DEBUG=1",
					"$(inherited)",
				);
				GCC_WARN_64_TO_32_BIT_CONVERSION = YES;
				GCC_WARN_ABOUT_RETURN_TYPE = YES_ERROR;
				GCC_WARN_UNDECLARED_SELECTOR = YES;
				GCC_WARN_UNINITIALIZED_AUTOS = YES_AGGRESSIVE;
				GCC_WARN_UNUSED_FUNCTION = YES;
				GCC_WARN_UNUSED_VARIABLE = YES;
				IPHONEOS_DEPLOYMENT_TARGET = 15.5;
				MTL_ENABLE_DEBUG_INFO = INCLUDE_SOURCE;
				MTL_FAST_MATH = YES;
				ONLY_ACTIVE_ARCH = YES;
				SDKROOT = iphoneos;
				SWIFT_ACTIVE_COMPILATION_CONDITIONS = DEBUG;
				SWIFT_OPTIMIZATION_LEVEL = "-Onone";
			};
			name = Debug;
		};
		15E163BD2890E69700347BD8 /* Release */ = {
			isa = XCBuildConfiguration;
			buildSettings = {
				ALWAYS_SEARCH_USER_PATHS = NO;
				CLANG_ANALYZER_NONNULL = YES;
				CLANG_ANALYZER_NUMBER_OBJECT_CONVERSION = YES_AGGRESSIVE;
				CLANG_CXX_LANGUAGE_STANDARD = "gnu++17";
				CLANG_ENABLE_MODULES = YES;
				CLANG_ENABLE_OBJC_ARC = YES;
				CLANG_ENABLE_OBJC_WEAK = YES;
				CLANG_WARN_BLOCK_CAPTURE_AUTORELEASING = YES;
				CLANG_WARN_BOOL_CONVERSION = YES;
				CLANG_WARN_COMMA = YES;
				CLANG_WARN_CONSTANT_CONVERSION = YES;
				CLANG_WARN_DEPRECATED_OBJC_IMPLEMENTATIONS = YES;
				CLANG_WARN_DIRECT_OBJC_ISA_USAGE = YES_ERROR;
				CLANG_WARN_DOCUMENTATION_COMMENTS = YES;
				CLANG_WARN_EMPTY_BODY = YES;
				CLANG_WARN_ENUM_CONVERSION = YES;
				CLANG_WARN_INFINITE_RECURSION = YES;
				CLANG_WARN_INT_CONVERSION = YES;
				CLANG_WARN_NON_LITERAL_NULL_CONVERSION = YES;
				CLANG_WARN_OBJC_IMPLICIT_RETAIN_SELF = YES;
				CLANG_WARN_OBJC_LITERAL_CONVERSION = YES;
				CLANG_WARN_OBJC_ROOT_CLASS = YES_ERROR;
				CLANG_WARN_QUOTED_INCLUDE_IN_FRAMEWORK_HEADER = YES;
				CLANG_WARN_RANGE_LOOP_ANALYSIS = YES;
				CLANG_WARN_STRICT_PROTOTYPES = YES;
				CLANG_WARN_SUSPICIOUS_MOVE = YES;
				CLANG_WARN_UNGUARDED_AVAILABILITY = YES_AGGRESSIVE;
				CLANG_WARN_UNREACHABLE_CODE = YES;
				CLANG_WARN__DUPLICATE_METHOD_MATCH = YES;
				COPY_PHASE_STRIP = NO;
				DEBUG_INFORMATION_FORMAT = "dwarf-with-dsym";
				ENABLE_NS_ASSERTIONS = NO;
				ENABLE_STRICT_OBJC_MSGSEND = YES;
				GCC_C_LANGUAGE_STANDARD = gnu11;
				GCC_NO_COMMON_BLOCKS = YES;
				GCC_WARN_64_TO_32_BIT_CONVERSION = YES;
				GCC_WARN_ABOUT_RETURN_TYPE = YES_ERROR;
				GCC_WARN_UNDECLARED_SELECTOR = YES;
				GCC_WARN_UNINITIALIZED_AUTOS = YES_AGGRESSIVE;
				GCC_WARN_UNUSED_FUNCTION = YES;
				GCC_WARN_UNUSED_VARIABLE = YES;
				IPHONEOS_DEPLOYMENT_TARGET = 15.5;
				MTL_ENABLE_DEBUG_INFO = NO;
				MTL_FAST_MATH = YES;
				SDKROOT = iphoneos;
				SWIFT_COMPILATION_MODE = wholemodule;
				SWIFT_OPTIMIZATION_LEVEL = "-O";
				VALIDATE_PRODUCT = YES;
			};
			name = Release;
		};
		15E163BF2890E69700347BD8 /* Debug */ = {
			isa = XCBuildConfiguration;
			buildSettings = {
				ASSETCATALOG_COMPILER_APPICON_NAME = AppIcon;
				ASSETCATALOG_COMPILER_GLOBAL_ACCENT_COLOR_NAME = AccentColor;
				CODE_SIGN_STYLE = Automatic;
				CURRENT_PROJECT_VERSION = 1;
				DEVELOPMENT_ASSET_PATHS = "\"Shared/Preview Content\"";
				DEVELOPMENT_TEAM = SLXHN25QU8;
				ENABLE_PREVIEWS = YES;
				GENERATE_INFOPLIST_FILE = YES;
				INFOPLIST_KEY_UIApplicationSceneManifest_Generation = YES;
				INFOPLIST_KEY_UIApplicationSupportsIndirectInputEvents = YES;
				INFOPLIST_KEY_UILaunchScreen_Generation = YES;
				INFOPLIST_KEY_UISupportedInterfaceOrientations_iPad = "UIInterfaceOrientationPortrait UIInterfaceOrientationPortraitUpsideDown UIInterfaceOrientationLandscapeLeft UIInterfaceOrientationLandscapeRight";
				INFOPLIST_KEY_UISupportedInterfaceOrientations_iPhone = "UIInterfaceOrientationPortrait UIInterfaceOrientationLandscapeLeft UIInterfaceOrientationLandscapeRight";
				LD_RUNPATH_SEARCH_PATHS = (
					"$(inherited)",
					"@executable_path/Frameworks",
				);
				MARKETING_VERSION = 1.0;
				PRODUCT_BUNDLE_IDENTIFIER = com.Yudha.PomodoroTimer;
				PRODUCT_NAME = "$(TARGET_NAME)";
				SWIFT_EMIT_LOC_STRINGS = YES;
				SWIFT_VERSION = 5.0;
				TARGETED_DEVICE_FAMILY = "1,2";
			};
			name = Debug;
		};
		15E163C02890E69700347BD8 /* Release */ = {
			isa = XCBuildConfiguration;
			buildSettings = {
				ASSETCATALOG_COMPILER_APPICON_NAME = AppIcon;
				ASSETCATALOG_COMPILER_GLOBAL_ACCENT_COLOR_NAME = AccentColor;
				CODE_SIGN_STYLE = Automatic;
				CURRENT_PROJECT_VERSION = 1;
				DEVELOPMENT_ASSET_PATHS = "\"Shared/Preview Content\"";
				DEVELOPMENT_TEAM = SLXHN25QU8;
				ENABLE_PREVIEWS = YES;
				GENERATE_INFOPLIST_FILE = YES;
				INFOPLIST_KEY_UIApplicationSceneManifest_Generation = YES;
				INFOPLIST_KEY_UIApplicationSupportsIndirectInputEvents = YES;
				INFOPLIST_KEY_UILaunchScreen_Generation = YES;
				INFOPLIST_KEY_UISupportedInterfaceOrientations_iPad = "UIInterfaceOrientationPortrait UIInterfaceOrientationPortraitUpsideDown UIInterfaceOrientationLandscapeLeft UIInterfaceOrientationLandscapeRight";
				INFOPLIST_KEY_UISupportedInterfaceOrientations_iPhone = "UIInterfaceOrientationPortrait UIInterfaceOrientationLandscapeLeft UIInterfaceOrientationLandscapeRight";
				LD_RUNPATH_SEARCH_PATHS = (
					"$(inherited)",
					"@executable_path/Frameworks",
				);
				MARKETING_VERSION = 1.0;
				PRODUCT_BUNDLE_IDENTIFIER = com.Yudha.PomodoroTimer;
				PRODUCT_NAME = "$(TARGET_NAME)";
				SWIFT_EMIT_LOC_STRINGS = YES;
				SWIFT_VERSION = 5.0;
				TARGETED_DEVICE_FAMILY = "1,2";
			};
			name = Release;
		};
/* End XCBuildConfiguration section */

/* Begin XCConfigurationList section */
		15E163AB2890E69600347BD8 /* Build configuration list for PBXProject "PomodoroTimer" */ = {
			isa = XCConfigurationList;
			buildConfigurations = (
				15E163BC2890E69700347BD8 /* Debug */,
				15E163BD2890E69700347BD8 /* Release */,
			);
			defaultConfigurationIsVisible = 0;
			defaultConfigurationName = Release;
		};
		15E163BE2890E69700347BD8 /* Build configuration list for PBXNativeTarget "PomodoroTimer" */ = {
			isa = XCConfigurationList;
			buildConfigurations = (
				15E163BF2890E69700347BD8 /* Debug */,
				15E163C02890E69700347BD8 /* Release */,
			);
			defaultConfigurationIsVisible = 0;
			defaultConfigurationName = Release;
		};
/* End XCConfigurationList section */
	};
	rootObject = 15E163A82890E69600347BD8 /* Project object */;
}
